// !$*UTF8*$!
{
	archiveVersion = 1;
	classes = {
	};
	objectVersion = 51;
	objects = {

/* Begin PBXBuildFile section */
		3D1354B80FF8599F03561532 /* Pods_UNTIL.framework in Frameworks */ = {isa = PBXBuildFile; fileRef = ED3CE46EDBB6329A7817A4C2 /* Pods_UNTIL.framework */; };
		5FC449C124914BE700995F26 /* QRCodeScannerViewController.swift in Sources */ = {isa = PBXBuildFile; fileRef = 5FC449C024914BE700995F26 /* QRCodeScannerViewController.swift */; };
		5FC6376D2487D94F006B52B6 /* NoUsersTableViewCell.swift in Sources */ = {isa = PBXBuildFile; fileRef = 5FC6376C2487D94F006B52B6 /* NoUsersTableViewCell.swift */; };
		A2811CC28944292E13703371 /* Pods_Social_Distance_AlarmTests.framework in Frameworks */ = {isa = PBXBuildFile; fileRef = D57A6ADCEE687DB72CB955B1 /* Pods_Social_Distance_AlarmTests.framework */; };
		A38A5A17FBFB28355E4E1AEB /* Pods_Social_Distance_Alarm.framework in Frameworks */ = {isa = PBXBuildFile; fileRef = F8DDBBDCCAFDCF19092879F3 /* Pods_Social_Distance_Alarm.framework */; };
		AE98D66B249BA88E008AEA9F /* Common.xcassets in Resources */ = {isa = PBXBuildFile; fileRef = AE98D66A249BA88E008AEA9F /* Common.xcassets */; };
		AE98D66C249BA88E008AEA9F /* Common.xcassets in Resources */ = {isa = PBXBuildFile; fileRef = AE98D66A249BA88E008AEA9F /* Common.xcassets */; };
		AECF6F69247FE7970040CEDF /* SocialDistanceSDK.framework in Frameworks */ = {isa = PBXBuildFile; fileRef = AECF6F68247FE7970040CEDF /* SocialDistanceSDK.framework */; };
		AECF6F6A247FE7970040CEDF /* SocialDistanceSDK.framework in Embed Frameworks */ = {isa = PBXBuildFile; fileRef = AECF6F68247FE7970040CEDF /* SocialDistanceSDK.framework */; settings = {ATTRIBUTES = (CodeSignOnCopy, RemoveHeadersOnCopy, ); }; };
		AEF878B9249A292800733711 /* AppNavigationViewController.swift in Sources */ = {isa = PBXBuildFile; fileRef = C15B668F2473D89600962D98 /* AppNavigationViewController.swift */; };
		AEF878BA249A292800733711 /* LockScreenViewController.swift in Sources */ = {isa = PBXBuildFile; fileRef = C10F0EAD24773A280059A2A3 /* LockScreenViewController.swift */; };
		AEF878BB249A292800733711 /* HistoryTableViewController.swift in Sources */ = {isa = PBXBuildFile; fileRef = C12E6DFD2467ADB80036C930 /* HistoryTableViewController.swift */; };
		AEF878BC249A292800733711 /* MMSlidingButton.swift in Sources */ = {isa = PBXBuildFile; fileRef = C10F0EAB24772CA80059A2A3 /* MMSlidingButton.swift */; };
		AEF878BD249A292800733711 /* CarouselViewController.swift in Sources */ = {isa = PBXBuildFile; fileRef = C1B1619E24799C5D00A93AAC /* CarouselViewController.swift */; };
		AEF878BE249A292800733711 /* TeamsViewController.swift in Sources */ = {isa = PBXBuildFile; fileRef = C1CD88AE24906642009E8238 /* TeamsViewController.swift */; };
		AEF878BF249A292800733711 /* DistanceTableViewController.swift in Sources */ = {isa = PBXBuildFile; fileRef = C12E6DFB2467ADB80036C930 /* DistanceTableViewController.swift */; };
		AEF878C0249A292800733711 /* NotificationHandler.swift in Sources */ = {isa = PBXBuildFile; fileRef = C1A1D2E124784D0400F53479 /* NotificationHandler.swift */; };
		AEF878C1249A292800733711 /* NoUsersTableViewCell.swift in Sources */ = {isa = PBXBuildFile; fileRef = 5FC6376C2487D94F006B52B6 /* NoUsersTableViewCell.swift */; };
		AEF878C2249A292800733711 /* AppDelegate.swift in Sources */ = {isa = PBXBuildFile; fileRef = C12E6DF72467ADB80036C930 /* AppDelegate.swift */; };
		AEF878C3249A292800733711 /* CarouselPageViewController.swift in Sources */ = {isa = PBXBuildFile; fileRef = C1B161A024799C6400A93AAC /* CarouselPageViewController.swift */; };
		AEF878C4249A292800733711 /* DeviceDistanceTableViewCell.swift in Sources */ = {isa = PBXBuildFile; fileRef = C199FEC72471DF7000B6F210 /* DeviceDistanceTableViewCell.swift */; };
		AEF878C5249A292800733711 /* AppConstants.swift in Sources */ = {isa = PBXBuildFile; fileRef = C146EA112489EC5200434CE5 /* AppConstants.swift */; };
		AEF878C6249A292800733711 /* CarouselItem.swift in Sources */ = {isa = PBXBuildFile; fileRef = C1B161A42479A1FC00A93AAC /* CarouselItem.swift */; };
		AEF878C7249A292800733711 /* DeviceHistoryTableViewCell.swift in Sources */ = {isa = PBXBuildFile; fileRef = C15B66912474A6F600962D98 /* DeviceHistoryTableViewCell.swift */; };
		AEF878C8249A292800733711 /* SceneDelegate.swift in Sources */ = {isa = PBXBuildFile; fileRef = C12E6DF92467ADB80036C930 /* SceneDelegate.swift */; };
		AEF878C9249A292800733711 /* PocketViewController.swift in Sources */ = {isa = PBXBuildFile; fileRef = C1B7199D24750FF400A6F9E9 /* PocketViewController.swift */; };
		AEF878CA249A292800733711 /* QRCodeScannerViewController.swift in Sources */ = {isa = PBXBuildFile; fileRef = 5FC449C024914BE700995F26 /* QRCodeScannerViewController.swift */; };
		AEF878CD249A292800733711 /* SocialDistanceSDK.framework in Frameworks */ = {isa = PBXBuildFile; fileRef = AECF6F68247FE7970040CEDF /* SocialDistanceSDK.framework */; };
		AEF878CF249A292800733711 /* LaunchScreen.storyboard in Resources */ = {isa = PBXBuildFile; fileRef = C12E6E072467ADBA0036C930 /* LaunchScreen.storyboard */; };
		AEF878D2249A292800733711 /* Main.storyboard in Resources */ = {isa = PBXBuildFile; fileRef = C12E6DFF2467ADB80036C930 /* Main.storyboard */; };
		AEF878D3249A292800733711 /* CarouselItem.xib in Resources */ = {isa = PBXBuildFile; fileRef = C1B161A52479A1FD00A93AAC /* CarouselItem.xib */; };
		AEF878D4249A292800733711 /* GoogleService-Info.plist in Resources */ = {isa = PBXBuildFile; fileRef = C1A1D2DF247785B200F53479 /* GoogleService-Info.plist */; };
		AEF878D7249A292800733711 /* SocialDistanceSDK.framework in Embed Frameworks */ = {isa = PBXBuildFile; fileRef = AECF6F68247FE7970040CEDF /* SocialDistanceSDK.framework */; settings = {ATTRIBUTES = (CodeSignOnCopy, RemoveHeadersOnCopy, ); }; };
		AEF878E0249A2B7A00733711 /* UNTILAssets.xcassets in Resources */ = {isa = PBXBuildFile; fileRef = AEF878DF249A2B7A00733711 /* UNTILAssets.xcassets */; };
		AEF878E2249A2DB200733711 /* UNTILColors.xcassets in Resources */ = {isa = PBXBuildFile; fileRef = AEF878E1249A2DB200733711 /* UNTILColors.xcassets */; };
		AEF878E4249A2E2000733711 /* theme.swift in Sources */ = {isa = PBXBuildFile; fileRef = AEF878E3249A2E2000733711 /* theme.swift */; };
		AEF878E5249A2EC800733711 /* theme.swift in Sources */ = {isa = PBXBuildFile; fileRef = AEF878E3249A2E2000733711 /* theme.swift */; };
		AEF878E7249A466500733711 /* Launch Screen-UNTIL.storyboard in Resources */ = {isa = PBXBuildFile; fileRef = AEF878E6249A466500733711 /* Launch Screen-UNTIL.storyboard */; };
		C10F0EAC24772CA80059A2A3 /* MMSlidingButton.swift in Sources */ = {isa = PBXBuildFile; fileRef = C10F0EAB24772CA80059A2A3 /* MMSlidingButton.swift */; };
		C10F0EAE24773A280059A2A3 /* LockScreenViewController.swift in Sources */ = {isa = PBXBuildFile; fileRef = C10F0EAD24773A280059A2A3 /* LockScreenViewController.swift */; };
		C12E6DF82467ADB80036C930 /* AppDelegate.swift in Sources */ = {isa = PBXBuildFile; fileRef = C12E6DF72467ADB80036C930 /* AppDelegate.swift */; };
		C12E6DFA2467ADB80036C930 /* SceneDelegate.swift in Sources */ = {isa = PBXBuildFile; fileRef = C12E6DF92467ADB80036C930 /* SceneDelegate.swift */; };
		C12E6DFC2467ADB80036C930 /* DistanceTableViewController.swift in Sources */ = {isa = PBXBuildFile; fileRef = C12E6DFB2467ADB80036C930 /* DistanceTableViewController.swift */; };
		C12E6DFE2467ADB80036C930 /* HistoryTableViewController.swift in Sources */ = {isa = PBXBuildFile; fileRef = C12E6DFD2467ADB80036C930 /* HistoryTableViewController.swift */; };
		C12E6E012467ADB80036C930 /* Main.storyboard in Resources */ = {isa = PBXBuildFile; fileRef = C12E6DFF2467ADB80036C930 /* Main.storyboard */; };
		C12E6E062467ADBA0036C930 /* Assets.xcassets in Resources */ = {isa = PBXBuildFile; fileRef = C12E6E052467ADBA0036C930 /* Assets.xcassets */; };
		C12E6E092467ADBA0036C930 /* LaunchScreen.storyboard in Resources */ = {isa = PBXBuildFile; fileRef = C12E6E072467ADBA0036C930 /* LaunchScreen.storyboard */; };
		C12E6E142467ADBB0036C930 /* Social_Distance_AlarmTests.swift in Sources */ = {isa = PBXBuildFile; fileRef = C12E6E132467ADBB0036C930 /* Social_Distance_AlarmTests.swift */; };
		C146EA122489EC5200434CE5 /* AppConstants.swift in Sources */ = {isa = PBXBuildFile; fileRef = C146EA112489EC5200434CE5 /* AppConstants.swift */; };
		C15B66902473D89600962D98 /* AppNavigationViewController.swift in Sources */ = {isa = PBXBuildFile; fileRef = C15B668F2473D89600962D98 /* AppNavigationViewController.swift */; };
		C15B66922474A6F600962D98 /* DeviceHistoryTableViewCell.swift in Sources */ = {isa = PBXBuildFile; fileRef = C15B66912474A6F600962D98 /* DeviceHistoryTableViewCell.swift */; };
		C199FEC02471211C00B6F210 /* Colors.xcassets in Resources */ = {isa = PBXBuildFile; fileRef = C199FEBF2471211C00B6F210 /* Colors.xcassets */; };
		C199FEC82471DF7000B6F210 /* DeviceDistanceTableViewCell.swift in Sources */ = {isa = PBXBuildFile; fileRef = C199FEC72471DF7000B6F210 /* DeviceDistanceTableViewCell.swift */; };
		C19D8BFB2479C5AE00D6E6F4 /* CarouselItem.xib in Resources */ = {isa = PBXBuildFile; fileRef = C1B161A52479A1FD00A93AAC /* CarouselItem.xib */; };
		C1A1D2E0247785B200F53479 /* GoogleService-Info.plist in Resources */ = {isa = PBXBuildFile; fileRef = C1A1D2DF247785B200F53479 /* GoogleService-Info.plist */; };
		C1A1D2E224784D0400F53479 /* NotificationHandler.swift in Sources */ = {isa = PBXBuildFile; fileRef = C1A1D2E124784D0400F53479 /* NotificationHandler.swift */; };
		C1B1619F24799C5D00A93AAC /* CarouselViewController.swift in Sources */ = {isa = PBXBuildFile; fileRef = C1B1619E24799C5D00A93AAC /* CarouselViewController.swift */; };
		C1B161A124799C6400A93AAC /* CarouselPageViewController.swift in Sources */ = {isa = PBXBuildFile; fileRef = C1B161A024799C6400A93AAC /* CarouselPageViewController.swift */; };
		C1B161A62479A1FD00A93AAC /* CarouselItem.swift in Sources */ = {isa = PBXBuildFile; fileRef = C1B161A42479A1FC00A93AAC /* CarouselItem.swift */; };
		C1B7199E24750FF400A6F9E9 /* PocketViewController.swift in Sources */ = {isa = PBXBuildFile; fileRef = C1B7199D24750FF400A6F9E9 /* PocketViewController.swift */; };
		C1CD88AF24906642009E8238 /* TeamsViewController.swift in Sources */ = {isa = PBXBuildFile; fileRef = C1CD88AE24906642009E8238 /* TeamsViewController.swift */; };
/* End PBXBuildFile section */

/* Begin PBXContainerItemProxy section */
		C12E6E102467ADBB0036C930 /* PBXContainerItemProxy */ = {
			isa = PBXContainerItemProxy;
			containerPortal = C12E6DEC2467ADB80036C930 /* Project object */;
			proxyType = 1;
			remoteGlobalIDString = C12E6DF32467ADB80036C930;
			remoteInfo = "Social Distance Alarm";
		};
/* End PBXContainerItemProxy section */

/* Begin PBXCopyFilesBuildPhase section */
		AECF6F6B247FE7980040CEDF /* Embed Frameworks */ = {
			isa = PBXCopyFilesBuildPhase;
			buildActionMask = 2147483647;
			dstPath = "";
			dstSubfolderSpec = 10;
			files = (
				AECF6F6A247FE7970040CEDF /* SocialDistanceSDK.framework in Embed Frameworks */,
			);
			name = "Embed Frameworks";
			runOnlyForDeploymentPostprocessing = 0;
		};
		AEF878D6249A292800733711 /* Embed Frameworks */ = {
			isa = PBXCopyFilesBuildPhase;
			buildActionMask = 2147483647;
			dstPath = "";
			dstSubfolderSpec = 10;
			files = (
				AEF878D7249A292800733711 /* SocialDistanceSDK.framework in Embed Frameworks */,
			);
			name = "Embed Frameworks";
			runOnlyForDeploymentPostprocessing = 0;
		};
/* End PBXCopyFilesBuildPhase section */

/* Begin PBXFileReference section */
		0F8E2900E6619E3CB9948F52 /* Pods-Social Distance AlarmTests.debug.xcconfig */ = {isa = PBXFileReference; includeInIndex = 1; lastKnownFileType = text.xcconfig; name = "Pods-Social Distance AlarmTests.debug.xcconfig"; path = "Target Support Files/Pods-Social Distance AlarmTests/Pods-Social Distance AlarmTests.debug.xcconfig"; sourceTree = "<group>"; };
		24D5A170FACF93508117FE0B /* Pods-Social Distance AlarmTests.release.xcconfig */ = {isa = PBXFileReference; includeInIndex = 1; lastKnownFileType = text.xcconfig; name = "Pods-Social Distance AlarmTests.release.xcconfig"; path = "Target Support Files/Pods-Social Distance AlarmTests/Pods-Social Distance AlarmTests.release.xcconfig"; sourceTree = "<group>"; };
		35163C6AFD485015F3F5BA0C /* Pods-Social Distance Alarm.release.xcconfig */ = {isa = PBXFileReference; includeInIndex = 1; lastKnownFileType = text.xcconfig; name = "Pods-Social Distance Alarm.release.xcconfig"; path = "Target Support Files/Pods-Social Distance Alarm/Pods-Social Distance Alarm.release.xcconfig"; sourceTree = "<group>"; };
		5FC449C024914BE700995F26 /* QRCodeScannerViewController.swift */ = {isa = PBXFileReference; lastKnownFileType = sourcecode.swift; path = QRCodeScannerViewController.swift; sourceTree = "<group>"; };
		5FC6376C2487D94F006B52B6 /* NoUsersTableViewCell.swift */ = {isa = PBXFileReference; lastKnownFileType = sourcecode.swift; path = NoUsersTableViewCell.swift; sourceTree = "<group>"; };
		8DB74A039CD829C982E17838 /* Pods-Social Distance Alarm.debug.xcconfig */ = {isa = PBXFileReference; includeInIndex = 1; lastKnownFileType = text.xcconfig; name = "Pods-Social Distance Alarm.debug.xcconfig"; path = "Target Support Files/Pods-Social Distance Alarm/Pods-Social Distance Alarm.debug.xcconfig"; sourceTree = "<group>"; };
		AE98D66A249BA88E008AEA9F /* Common.xcassets */ = {isa = PBXFileReference; lastKnownFileType = folder.assetcatalog; path = Common.xcassets; sourceTree = "<group>"; };
		AECF6F68247FE7970040CEDF /* SocialDistanceSDK.framework */ = {isa = PBXFileReference; explicitFileType = wrapper.framework; path = SocialDistanceSDK.framework; sourceTree = BUILT_PRODUCTS_DIR; };
		AEF878DB249A292800733711 /* 1point5.app */ = {isa = PBXFileReference; explicitFileType = wrapper.application; includeInIndex = 0; path = 1point5.app; sourceTree = BUILT_PRODUCTS_DIR; };
		AEF878DC249A292800733711 /* UNTIL-Info.plist */ = {isa = PBXFileReference; lastKnownFileType = text.plist.xml; name = "UNTIL-Info.plist"; path = "/Users/piotr/Projects/OpenTrace/ios/Social Distance Alarm/UNTIL-Info.plist"; sourceTree = "<absolute>"; };
		AEF878DF249A2B7A00733711 /* UNTILAssets.xcassets */ = {isa = PBXFileReference; lastKnownFileType = folder.assetcatalog; path = UNTILAssets.xcassets; sourceTree = "<group>"; };
		AEF878E1249A2DB200733711 /* UNTILColors.xcassets */ = {isa = PBXFileReference; lastKnownFileType = folder.assetcatalog; path = UNTILColors.xcassets; sourceTree = "<group>"; };
		AEF878E3249A2E2000733711 /* theme.swift */ = {isa = PBXFileReference; lastKnownFileType = sourcecode.swift; path = theme.swift; sourceTree = "<group>"; };
		AEF878E6249A466500733711 /* Launch Screen-UNTIL.storyboard */ = {isa = PBXFileReference; lastKnownFileType = file.storyboard; path = "Launch Screen-UNTIL.storyboard"; sourceTree = "<group>"; };
		B843268C4890D203C7C0600C /* Pods-UNTIL.debug.xcconfig */ = {isa = PBXFileReference; includeInIndex = 1; lastKnownFileType = text.xcconfig; name = "Pods-UNTIL.debug.xcconfig"; path = "Target Support Files/Pods-UNTIL/Pods-UNTIL.debug.xcconfig"; sourceTree = "<group>"; };
		C10F0EAB24772CA80059A2A3 /* MMSlidingButton.swift */ = {isa = PBXFileReference; lastKnownFileType = sourcecode.swift; path = MMSlidingButton.swift; sourceTree = "<group>"; };
		C10F0EAD24773A280059A2A3 /* LockScreenViewController.swift */ = {isa = PBXFileReference; lastKnownFileType = sourcecode.swift; path = LockScreenViewController.swift; sourceTree = "<group>"; };
		C12E6DF42467ADB80036C930 /* Social Distance Alarm.app */ = {isa = PBXFileReference; explicitFileType = wrapper.application; includeInIndex = 0; path = "Social Distance Alarm.app"; sourceTree = BUILT_PRODUCTS_DIR; };
		C12E6DF72467ADB80036C930 /* AppDelegate.swift */ = {isa = PBXFileReference; lastKnownFileType = sourcecode.swift; path = AppDelegate.swift; sourceTree = "<group>"; };
		C12E6DF92467ADB80036C930 /* SceneDelegate.swift */ = {isa = PBXFileReference; lastKnownFileType = sourcecode.swift; path = SceneDelegate.swift; sourceTree = "<group>"; };
		C12E6DFB2467ADB80036C930 /* DistanceTableViewController.swift */ = {isa = PBXFileReference; lastKnownFileType = sourcecode.swift; path = DistanceTableViewController.swift; sourceTree = "<group>"; };
		C12E6DFD2467ADB80036C930 /* HistoryTableViewController.swift */ = {isa = PBXFileReference; lastKnownFileType = sourcecode.swift; path = HistoryTableViewController.swift; sourceTree = "<group>"; };
		C12E6E002467ADB80036C930 /* Base */ = {isa = PBXFileReference; lastKnownFileType = file.storyboard; name = Base; path = Base.lproj/Main.storyboard; sourceTree = "<group>"; };
		C12E6E052467ADBA0036C930 /* Assets.xcassets */ = {isa = PBXFileReference; lastKnownFileType = folder.assetcatalog; path = Assets.xcassets; sourceTree = "<group>"; };
		C12E6E082467ADBA0036C930 /* Base */ = {isa = PBXFileReference; lastKnownFileType = file.storyboard; name = Base; path = Base.lproj/LaunchScreen.storyboard; sourceTree = "<group>"; };
		C12E6E0A2467ADBA0036C930 /* Info.plist */ = {isa = PBXFileReference; lastKnownFileType = text.plist.xml; path = Info.plist; sourceTree = "<group>"; };
		C12E6E0F2467ADBB0036C930 /* Social Distance AlarmTests.xctest */ = {isa = PBXFileReference; explicitFileType = wrapper.cfbundle; includeInIndex = 0; path = "Social Distance AlarmTests.xctest"; sourceTree = BUILT_PRODUCTS_DIR; };
		C12E6E132467ADBB0036C930 /* Social_Distance_AlarmTests.swift */ = {isa = PBXFileReference; lastKnownFileType = sourcecode.swift; path = Social_Distance_AlarmTests.swift; sourceTree = "<group>"; };
		C12E6E152467ADBB0036C930 /* Info.plist */ = {isa = PBXFileReference; lastKnownFileType = text.plist.xml; path = Info.plist; sourceTree = "<group>"; };
		C146EA112489EC5200434CE5 /* AppConstants.swift */ = {isa = PBXFileReference; lastKnownFileType = sourcecode.swift; path = AppConstants.swift; sourceTree = "<group>"; };
		C15B668F2473D89600962D98 /* AppNavigationViewController.swift */ = {isa = PBXFileReference; lastKnownFileType = sourcecode.swift; path = AppNavigationViewController.swift; sourceTree = "<group>"; };
		C15B66912474A6F600962D98 /* DeviceHistoryTableViewCell.swift */ = {isa = PBXFileReference; lastKnownFileType = sourcecode.swift; path = DeviceHistoryTableViewCell.swift; sourceTree = "<group>"; };
		C199FEBF2471211C00B6F210 /* Colors.xcassets */ = {isa = PBXFileReference; lastKnownFileType = folder.assetcatalog; path = Colors.xcassets; sourceTree = "<group>"; };
		C199FEC72471DF7000B6F210 /* DeviceDistanceTableViewCell.swift */ = {isa = PBXFileReference; lastKnownFileType = sourcecode.swift; path = DeviceDistanceTableViewCell.swift; sourceTree = "<group>"; };
		C1A1D2DF247785B200F53479 /* GoogleService-Info.plist */ = {isa = PBXFileReference; lastKnownFileType = text.plist; path = "GoogleService-Info.plist"; sourceTree = SOURCE_ROOT; };
		C1A1D2E124784D0400F53479 /* NotificationHandler.swift */ = {isa = PBXFileReference; lastKnownFileType = sourcecode.swift; path = NotificationHandler.swift; sourceTree = "<group>"; };
		C1B1619E24799C5D00A93AAC /* CarouselViewController.swift */ = {isa = PBXFileReference; fileEncoding = 4; lastKnownFileType = sourcecode.swift; path = CarouselViewController.swift; sourceTree = "<group>"; };
		C1B161A024799C6400A93AAC /* CarouselPageViewController.swift */ = {isa = PBXFileReference; fileEncoding = 4; lastKnownFileType = sourcecode.swift; path = CarouselPageViewController.swift; sourceTree = "<group>"; };
		C1B161A42479A1FC00A93AAC /* CarouselItem.swift */ = {isa = PBXFileReference; lastKnownFileType = sourcecode.swift; path = CarouselItem.swift; sourceTree = "<group>"; };
		C1B161A52479A1FD00A93AAC /* CarouselItem.xib */ = {isa = PBXFileReference; lastKnownFileType = file.xib; path = CarouselItem.xib; sourceTree = "<group>"; };
		C1B7199D24750FF400A6F9E9 /* PocketViewController.swift */ = {isa = PBXFileReference; lastKnownFileType = sourcecode.swift; path = PocketViewController.swift; sourceTree = "<group>"; };
		C1CD88AE24906642009E8238 /* TeamsViewController.swift */ = {isa = PBXFileReference; lastKnownFileType = sourcecode.swift; path = TeamsViewController.swift; sourceTree = "<group>"; };
		D57A6ADCEE687DB72CB955B1 /* Pods_Social_Distance_AlarmTests.framework */ = {isa = PBXFileReference; explicitFileType = wrapper.framework; includeInIndex = 0; path = Pods_Social_Distance_AlarmTests.framework; sourceTree = BUILT_PRODUCTS_DIR; };
		ED3CE46EDBB6329A7817A4C2 /* Pods_UNTIL.framework */ = {isa = PBXFileReference; explicitFileType = wrapper.framework; includeInIndex = 0; path = Pods_UNTIL.framework; sourceTree = BUILT_PRODUCTS_DIR; };
		F8DDBBDCCAFDCF19092879F3 /* Pods_Social_Distance_Alarm.framework */ = {isa = PBXFileReference; explicitFileType = wrapper.framework; includeInIndex = 0; path = Pods_Social_Distance_Alarm.framework; sourceTree = BUILT_PRODUCTS_DIR; };
		FC715B463F75A460CC4EFCC3 /* Pods-UNTIL.release.xcconfig */ = {isa = PBXFileReference; includeInIndex = 1; lastKnownFileType = text.xcconfig; name = "Pods-UNTIL.release.xcconfig"; path = "Target Support Files/Pods-UNTIL/Pods-UNTIL.release.xcconfig"; sourceTree = "<group>"; };
/* End PBXFileReference section */

/* Begin PBXFrameworksBuildPhase section */
		AEF878CB249A292800733711 /* Frameworks */ = {
			isa = PBXFrameworksBuildPhase;
			buildActionMask = 2147483647;
			files = (
				AEF878CD249A292800733711 /* SocialDistanceSDK.framework in Frameworks */,
				3D1354B80FF8599F03561532 /* Pods_UNTIL.framework in Frameworks */,
			);
			runOnlyForDeploymentPostprocessing = 0;
		};
		C12E6DF12467ADB80036C930 /* Frameworks */ = {
			isa = PBXFrameworksBuildPhase;
			buildActionMask = 2147483647;
			files = (
				AECF6F69247FE7970040CEDF /* SocialDistanceSDK.framework in Frameworks */,
				A38A5A17FBFB28355E4E1AEB /* Pods_Social_Distance_Alarm.framework in Frameworks */,
			);
			runOnlyForDeploymentPostprocessing = 0;
		};
		C12E6E0C2467ADBB0036C930 /* Frameworks */ = {
			isa = PBXFrameworksBuildPhase;
			buildActionMask = 2147483647;
			files = (
				A2811CC28944292E13703371 /* Pods_Social_Distance_AlarmTests.framework in Frameworks */,
			);
			runOnlyForDeploymentPostprocessing = 0;
		};
/* End PBXFrameworksBuildPhase section */

/* Begin PBXGroup section */
		975929BADA3386A43A550995 /* Pods */ = {
			isa = PBXGroup;
			children = (
				8DB74A039CD829C982E17838 /* Pods-Social Distance Alarm.debug.xcconfig */,
				35163C6AFD485015F3F5BA0C /* Pods-Social Distance Alarm.release.xcconfig */,
				0F8E2900E6619E3CB9948F52 /* Pods-Social Distance AlarmTests.debug.xcconfig */,
				24D5A170FACF93508117FE0B /* Pods-Social Distance AlarmTests.release.xcconfig */,
				B843268C4890D203C7C0600C /* Pods-UNTIL.debug.xcconfig */,
				FC715B463F75A460CC4EFCC3 /* Pods-UNTIL.release.xcconfig */,
			);
			path = Pods;
			sourceTree = "<group>";
		};
		AEF878DE249A2B4800733711 /* UNTIL */ = {
			isa = PBXGroup;
			children = (
				AEF878DF249A2B7A00733711 /* UNTILAssets.xcassets */,
				AEF878E1249A2DB200733711 /* UNTILColors.xcassets */,
				AEF878E6249A466500733711 /* Launch Screen-UNTIL.storyboard */,
			);
			path = UNTIL;
			sourceTree = "<group>";
		};
		C12E6DEB2467ADB80036C930 = {
			isa = PBXGroup;
			children = (
				AE98D66A249BA88E008AEA9F /* Common.xcassets */,
				AEF878DE249A2B4800733711 /* UNTIL */,
				C12E6DF62467ADB80036C930 /* Social Distance Alarm */,
				C12E6E122467ADBB0036C930 /* Social Distance AlarmTests */,
				C12E6DF52467ADB80036C930 /* Products */,
				975929BADA3386A43A550995 /* Pods */,
				E3D552C994FA551CFDB2B5BE /* Frameworks */,
				AEF878DC249A292800733711 /* UNTIL-Info.plist */,
			);
			sourceTree = "<group>";
		};
		C12E6DF52467ADB80036C930 /* Products */ = {
			isa = PBXGroup;
			children = (
				C12E6DF42467ADB80036C930 /* Social Distance Alarm.app */,
				C12E6E0F2467ADBB0036C930 /* Social Distance AlarmTests.xctest */,
				AEF878DB249A292800733711 /* 1point5.app */,
			);
			name = Products;
			sourceTree = "<group>";
		};
		C12E6DF62467ADB80036C930 /* Social Distance Alarm */ = {
			isa = PBXGroup;
			children = (
				C1CD88AD249065BC009E8238 /* Teams */,
				C1B1619D24799C3C00A93AAC /* Onboard */,
				C1B7199C24750FAA00A6F9E9 /* Pocket */,
				C1A1D2DF247785B200F53479 /* GoogleService-Info.plist */,
				C12E6DF72467ADB80036C930 /* AppDelegate.swift */,
				C12E6DF92467ADB80036C930 /* SceneDelegate.swift */,
				C199FEC12471D7FD00B6F210 /* Distance */,
				C199FEC22471D80A00B6F210 /* History */,
				C12E6DFF2467ADB80036C930 /* Main.storyboard */,
				C12E6E052467ADBA0036C930 /* Assets.xcassets */,
				C12E6E072467ADBA0036C930 /* LaunchScreen.storyboard */,
				C12E6E0A2467ADBA0036C930 /* Info.plist */,
				C199FEBF2471211C00B6F210 /* Colors.xcassets */,
				C196591124737F44009E8F96 /* Util */,
			);
			path = "Social Distance Alarm";
			sourceTree = "<group>";
		};
		C12E6E122467ADBB0036C930 /* Social Distance AlarmTests */ = {
			isa = PBXGroup;
			children = (
				C12E6E132467ADBB0036C930 /* Social_Distance_AlarmTests.swift */,
				C12E6E152467ADBB0036C930 /* Info.plist */,
			);
			path = "Social Distance AlarmTests";
			sourceTree = "<group>";
		};
		C196591124737F44009E8F96 /* Util */ = {
			isa = PBXGroup;
			children = (
				C1A1D2E124784D0400F53479 /* NotificationHandler.swift */,
				C15B668F2473D89600962D98 /* AppNavigationViewController.swift */,
				C146EA112489EC5200434CE5 /* AppConstants.swift */,
				AEF878E3249A2E2000733711 /* theme.swift */,
			);
			path = Util;
			sourceTree = "<group>";
		};
		C199FEC12471D7FD00B6F210 /* Distance */ = {
			isa = PBXGroup;
			children = (
				C12E6DFB2467ADB80036C930 /* DistanceTableViewController.swift */,
				C199FEC72471DF7000B6F210 /* DeviceDistanceTableViewCell.swift */,
				5FC6376C2487D94F006B52B6 /* NoUsersTableViewCell.swift */,
			);
			path = Distance;
			sourceTree = "<group>";
		};
		C199FEC22471D80A00B6F210 /* History */ = {
			isa = PBXGroup;
			children = (
				C12E6DFD2467ADB80036C930 /* HistoryTableViewController.swift */,
				C15B66912474A6F600962D98 /* DeviceHistoryTableViewCell.swift */,
			);
			path = History;
			sourceTree = "<group>";
		};
		C1B1619D24799C3C00A93AAC /* Onboard */ = {
			isa = PBXGroup;
			children = (
				C1B161A42479A1FC00A93AAC /* CarouselItem.swift */,
				C1B161A52479A1FD00A93AAC /* CarouselItem.xib */,
				C1B1619E24799C5D00A93AAC /* CarouselViewController.swift */,
				C1B161A024799C6400A93AAC /* CarouselPageViewController.swift */,
			);
			path = Onboard;
			sourceTree = "<group>";
		};
		C1B7199C24750FAA00A6F9E9 /* Pocket */ = {
			isa = PBXGroup;
			children = (
				C1B7199D24750FF400A6F9E9 /* PocketViewController.swift */,
				C10F0EAB24772CA80059A2A3 /* MMSlidingButton.swift */,
				C10F0EAD24773A280059A2A3 /* LockScreenViewController.swift */,
			);
			path = Pocket;
			sourceTree = "<group>";
		};
		C1CD88AD249065BC009E8238 /* Teams */ = {
			isa = PBXGroup;
			children = (
				C1CD88AE24906642009E8238 /* TeamsViewController.swift */,
				5FC449C024914BE700995F26 /* QRCodeScannerViewController.swift */,
			);
			path = Teams;
			sourceTree = "<group>";
		};
		E3D552C994FA551CFDB2B5BE /* Frameworks */ = {
			isa = PBXGroup;
			children = (
				AECF6F68247FE7970040CEDF /* SocialDistanceSDK.framework */,
				F8DDBBDCCAFDCF19092879F3 /* Pods_Social_Distance_Alarm.framework */,
				D57A6ADCEE687DB72CB955B1 /* Pods_Social_Distance_AlarmTests.framework */,
				ED3CE46EDBB6329A7817A4C2 /* Pods_UNTIL.framework */,
			);
			name = Frameworks;
			sourceTree = "<group>";
		};
/* End PBXGroup section */

/* Begin PBXNativeTarget section */
		AEF878B6249A292800733711 /* UNTIL */ = {
			isa = PBXNativeTarget;
			buildConfigurationList = AEF878D8249A292800733711 /* Build configuration list for PBXNativeTarget "UNTIL" */;
			buildPhases = (
				2F529BCD198E3F45E477DD6C /* [CP] Check Pods Manifest.lock */,
				AEF878B8249A292800733711 /* Sources */,
				AEF878CB249A292800733711 /* Frameworks */,
				AEF878CE249A292800733711 /* Resources */,
				AEF878D6249A292800733711 /* Embed Frameworks */,
				BD627C9A9557DB02F74AAE35 /* [CP] Embed Pods Frameworks */,
			);
			buildRules = (
			);
			dependencies = (
			);
			name = UNTIL;
			productName = "Social Distance Alarm";
			productReference = AEF878DB249A292800733711 /* 1point5.app */;
			productType = "com.apple.product-type.application";
		};
		C12E6DF32467ADB80036C930 /* Social Distance Alarm */ = {
			isa = PBXNativeTarget;
			buildConfigurationList = C12E6E182467ADBB0036C930 /* Build configuration list for PBXNativeTarget "Social Distance Alarm" */;
			buildPhases = (
				F8B67CB720E9A19D56108B7A /* [CP] Check Pods Manifest.lock */,
				C12E6DF02467ADB80036C930 /* Sources */,
				C12E6DF12467ADB80036C930 /* Frameworks */,
				C12E6DF22467ADB80036C930 /* Resources */,
				AECF6F6B247FE7980040CEDF /* Embed Frameworks */,
				358C293DB65303EC416A0C3D /* [CP] Embed Pods Frameworks */,
			);
			buildRules = (
			);
			dependencies = (
			);
			name = "Social Distance Alarm";
			productName = "Social Distance Alarm";
			productReference = C12E6DF42467ADB80036C930 /* Social Distance Alarm.app */;
			productType = "com.apple.product-type.application";
		};
		C12E6E0E2467ADBB0036C930 /* Social Distance AlarmTests */ = {
			isa = PBXNativeTarget;
			buildConfigurationList = C12E6E1B2467ADBB0036C930 /* Build configuration list for PBXNativeTarget "Social Distance AlarmTests" */;
			buildPhases = (
				3164553C48D52EF128E63943 /* [CP] Check Pods Manifest.lock */,
				C12E6E0B2467ADBB0036C930 /* Sources */,
				C12E6E0C2467ADBB0036C930 /* Frameworks */,
				C12E6E0D2467ADBB0036C930 /* Resources */,
			);
			buildRules = (
			);
			dependencies = (
				C12E6E112467ADBB0036C930 /* PBXTargetDependency */,
			);
			name = "Social Distance AlarmTests";
			productName = "Social Distance AlarmTests";
			productReference = C12E6E0F2467ADBB0036C930 /* Social Distance AlarmTests.xctest */;
			productType = "com.apple.product-type.bundle.unit-test";
		};
/* End PBXNativeTarget section */

/* Begin PBXProject section */
		C12E6DEC2467ADB80036C930 /* Project object */ = {
			isa = PBXProject;
			attributes = {
				LastSwiftUpdateCheck = 1140;
				LastUpgradeCheck = 1140;
				ORGANIZATIONNAME = Kunai;
				TargetAttributes = {
					C12E6DF32467ADB80036C930 = {
						CreatedOnToolsVersion = 11.4.1;
					};
					C12E6E0E2467ADBB0036C930 = {
						CreatedOnToolsVersion = 11.4.1;
						TestTargetID = C12E6DF32467ADB80036C930;
					};
				};
			};
			buildConfigurationList = C12E6DEF2467ADB80036C930 /* Build configuration list for PBXProject "Social Distance Alarm" */;
			compatibilityVersion = "Xcode 9.3";
			developmentRegion = en;
			hasScannedForEncodings = 0;
			knownRegions = (
				en,
				Base,
			);
			mainGroup = C12E6DEB2467ADB80036C930;
			productRefGroup = C12E6DF52467ADB80036C930 /* Products */;
			projectDirPath = "";
			projectRoot = "";
			targets = (
				C12E6DF32467ADB80036C930 /* Social Distance Alarm */,
				C12E6E0E2467ADBB0036C930 /* Social Distance AlarmTests */,
				AEF878B6249A292800733711 /* UNTIL */,
			);
		};
/* End PBXProject section */

/* Begin PBXResourcesBuildPhase section */
		AEF878CE249A292800733711 /* Resources */ = {
			isa = PBXResourcesBuildPhase;
			buildActionMask = 2147483647;
			files = (
				AEF878CF249A292800733711 /* LaunchScreen.storyboard in Resources */,
				AEF878E2249A2DB200733711 /* UNTILColors.xcassets in Resources */,
				AEF878E7249A466500733711 /* Launch Screen-UNTIL.storyboard in Resources */,
				AEF878D2249A292800733711 /* Main.storyboard in Resources */,
				AE98D66C249BA88E008AEA9F /* Common.xcassets in Resources */,
				AEF878D3249A292800733711 /* CarouselItem.xib in Resources */,
				AEF878D4249A292800733711 /* GoogleService-Info.plist in Resources */,
				AEF878E0249A2B7A00733711 /* UNTILAssets.xcassets in Resources */,
			);
			runOnlyForDeploymentPostprocessing = 0;
		};
		C12E6DF22467ADB80036C930 /* Resources */ = {
			isa = PBXResourcesBuildPhase;
			buildActionMask = 2147483647;
			files = (
				C12E6E092467ADBA0036C930 /* LaunchScreen.storyboard in Resources */,
				C199FEC02471211C00B6F210 /* Colors.xcassets in Resources */,
				C12E6E062467ADBA0036C930 /* Assets.xcassets in Resources */,
				C12E6E012467ADB80036C930 /* Main.storyboard in Resources */,
				C19D8BFB2479C5AE00D6E6F4 /* CarouselItem.xib in Resources */,
				C1A1D2E0247785B200F53479 /* GoogleService-Info.plist in Resources */,
				AE98D66B249BA88E008AEA9F /* Common.xcassets in Resources */,
			);
			runOnlyForDeploymentPostprocessing = 0;
		};
		C12E6E0D2467ADBB0036C930 /* Resources */ = {
			isa = PBXResourcesBuildPhase;
			buildActionMask = 2147483647;
			files = (
			);
			runOnlyForDeploymentPostprocessing = 0;
		};
/* End PBXResourcesBuildPhase section */

/* Begin PBXShellScriptBuildPhase section */
		2F529BCD198E3F45E477DD6C /* [CP] Check Pods Manifest.lock */ = {
			isa = PBXShellScriptBuildPhase;
			buildActionMask = 2147483647;
			files = (
			);
			inputFileListPaths = (
			);
			inputPaths = (
				"${PODS_PODFILE_DIR_PATH}/Podfile.lock",
				"${PODS_ROOT}/Manifest.lock",
			);
			name = "[CP] Check Pods Manifest.lock";
			outputFileListPaths = (
			);
			outputPaths = (
				"$(DERIVED_FILE_DIR)/Pods-UNTIL-checkManifestLockResult.txt",
			);
			runOnlyForDeploymentPostprocessing = 0;
			shellPath = /bin/sh;
			shellScript = "diff \"${PODS_PODFILE_DIR_PATH}/Podfile.lock\" \"${PODS_ROOT}/Manifest.lock\" > /dev/null\nif [ $? != 0 ] ; then\n    # print error to STDERR\n    echo \"error: The sandbox is not in sync with the Podfile.lock. Run 'pod install' or update your CocoaPods installation.\" >&2\n    exit 1\nfi\n# This output is used by Xcode 'outputs' to avoid re-running this script phase.\necho \"SUCCESS\" > \"${SCRIPT_OUTPUT_FILE_0}\"\n";
			showEnvVarsInLog = 0;
		};
		3164553C48D52EF128E63943 /* [CP] Check Pods Manifest.lock */ = {
			isa = PBXShellScriptBuildPhase;
			buildActionMask = 2147483647;
			files = (
			);
			inputFileListPaths = (
			);
			inputPaths = (
				"${PODS_PODFILE_DIR_PATH}/Podfile.lock",
				"${PODS_ROOT}/Manifest.lock",
			);
			name = "[CP] Check Pods Manifest.lock";
			outputFileListPaths = (
			);
			outputPaths = (
				"$(DERIVED_FILE_DIR)/Pods-Social Distance AlarmTests-checkManifestLockResult.txt",
			);
			runOnlyForDeploymentPostprocessing = 0;
			shellPath = /bin/sh;
			shellScript = "diff \"${PODS_PODFILE_DIR_PATH}/Podfile.lock\" \"${PODS_ROOT}/Manifest.lock\" > /dev/null\nif [ $? != 0 ] ; then\n    # print error to STDERR\n    echo \"error: The sandbox is not in sync with the Podfile.lock. Run 'pod install' or update your CocoaPods installation.\" >&2\n    exit 1\nfi\n# This output is used by Xcode 'outputs' to avoid re-running this script phase.\necho \"SUCCESS\" > \"${SCRIPT_OUTPUT_FILE_0}\"\n";
			showEnvVarsInLog = 0;
		};
		358C293DB65303EC416A0C3D /* [CP] Embed Pods Frameworks */ = {
			isa = PBXShellScriptBuildPhase;
			buildActionMask = 2147483647;
			files = (
			);
			inputFileListPaths = (
				"${PODS_ROOT}/Target Support Files/Pods-Social Distance Alarm/Pods-Social Distance Alarm-frameworks-${CONFIGURATION}-input-files.xcfilelist",
			);
			name = "[CP] Embed Pods Frameworks";
			outputFileListPaths = (
				"${PODS_ROOT}/Target Support Files/Pods-Social Distance Alarm/Pods-Social Distance Alarm-frameworks-${CONFIGURATION}-output-files.xcfilelist",
			);
			runOnlyForDeploymentPostprocessing = 0;
			shellPath = /bin/sh;
			shellScript = "\"${PODS_ROOT}/Target Support Files/Pods-Social Distance Alarm/Pods-Social Distance Alarm-frameworks.sh\"\n";
			showEnvVarsInLog = 0;
		};
		BD627C9A9557DB02F74AAE35 /* [CP] Embed Pods Frameworks */ = {
			isa = PBXShellScriptBuildPhase;
			buildActionMask = 2147483647;
			files = (
			);
			inputFileListPaths = (
				"${PODS_ROOT}/Target Support Files/Pods-UNTIL/Pods-UNTIL-frameworks-${CONFIGURATION}-input-files.xcfilelist",
			);
			name = "[CP] Embed Pods Frameworks";
			outputFileListPaths = (
				"${PODS_ROOT}/Target Support Files/Pods-UNTIL/Pods-UNTIL-frameworks-${CONFIGURATION}-output-files.xcfilelist",
			);
			runOnlyForDeploymentPostprocessing = 0;
			shellPath = /bin/sh;
			shellScript = "\"${PODS_ROOT}/Target Support Files/Pods-UNTIL/Pods-UNTIL-frameworks.sh\"\n";
			showEnvVarsInLog = 0;
		};
		F8B67CB720E9A19D56108B7A /* [CP] Check Pods Manifest.lock */ = {
			isa = PBXShellScriptBuildPhase;
			buildActionMask = 2147483647;
			files = (
			);
			inputFileListPaths = (
			);
			inputPaths = (
				"${PODS_PODFILE_DIR_PATH}/Podfile.lock",
				"${PODS_ROOT}/Manifest.lock",
			);
			name = "[CP] Check Pods Manifest.lock";
			outputFileListPaths = (
			);
			outputPaths = (
				"$(DERIVED_FILE_DIR)/Pods-Social Distance Alarm-checkManifestLockResult.txt",
			);
			runOnlyForDeploymentPostprocessing = 0;
			shellPath = /bin/sh;
			shellScript = "diff \"${PODS_PODFILE_DIR_PATH}/Podfile.lock\" \"${PODS_ROOT}/Manifest.lock\" > /dev/null\nif [ $? != 0 ] ; then\n    # print error to STDERR\n    echo \"error: The sandbox is not in sync with the Podfile.lock. Run 'pod install' or update your CocoaPods installation.\" >&2\n    exit 1\nfi\n# This output is used by Xcode 'outputs' to avoid re-running this script phase.\necho \"SUCCESS\" > \"${SCRIPT_OUTPUT_FILE_0}\"\n";
			showEnvVarsInLog = 0;
		};
/* End PBXShellScriptBuildPhase section */

/* Begin PBXSourcesBuildPhase section */
		AEF878B8249A292800733711 /* Sources */ = {
			isa = PBXSourcesBuildPhase;
			buildActionMask = 2147483647;
			files = (
				AEF878B9249A292800733711 /* AppNavigationViewController.swift in Sources */,
				AEF878BA249A292800733711 /* LockScreenViewController.swift in Sources */,
				AEF878BB249A292800733711 /* HistoryTableViewController.swift in Sources */,
				AEF878BC249A292800733711 /* MMSlidingButton.swift in Sources */,
				AEF878BD249A292800733711 /* CarouselViewController.swift in Sources */,
				AEF878BE249A292800733711 /* TeamsViewController.swift in Sources */,
				AEF878BF249A292800733711 /* DistanceTableViewController.swift in Sources */,
				AEF878E5249A2EC800733711 /* theme.swift in Sources */,
				AEF878C0249A292800733711 /* NotificationHandler.swift in Sources */,
				AEF878C1249A292800733711 /* NoUsersTableViewCell.swift in Sources */,
				AEF878C2249A292800733711 /* AppDelegate.swift in Sources */,
				AEF878C3249A292800733711 /* CarouselPageViewController.swift in Sources */,
				AEF878C4249A292800733711 /* DeviceDistanceTableViewCell.swift in Sources */,
				AEF878C5249A292800733711 /* AppConstants.swift in Sources */,
				AEF878C6249A292800733711 /* CarouselItem.swift in Sources */,
				AEF878C7249A292800733711 /* DeviceHistoryTableViewCell.swift in Sources */,
				AEF878C8249A292800733711 /* SceneDelegate.swift in Sources */,
				AEF878C9249A292800733711 /* PocketViewController.swift in Sources */,
				AEF878CA249A292800733711 /* QRCodeScannerViewController.swift in Sources */,
			);
			runOnlyForDeploymentPostprocessing = 0;
		};
		C12E6DF02467ADB80036C930 /* Sources */ = {
			isa = PBXSourcesBuildPhase;
			buildActionMask = 2147483647;
			files = (
				C15B66902473D89600962D98 /* AppNavigationViewController.swift in Sources */,
				C10F0EAE24773A280059A2A3 /* LockScreenViewController.swift in Sources */,
				C12E6DFE2467ADB80036C930 /* HistoryTableViewController.swift in Sources */,
				C10F0EAC24772CA80059A2A3 /* MMSlidingButton.swift in Sources */,
				C1B1619F24799C5D00A93AAC /* CarouselViewController.swift in Sources */,
				C1CD88AF24906642009E8238 /* TeamsViewController.swift in Sources */,
				C12E6DFC2467ADB80036C930 /* DistanceTableViewController.swift in Sources */,
				AEF878E4249A2E2000733711 /* theme.swift in Sources */,
				C1A1D2E224784D0400F53479 /* NotificationHandler.swift in Sources */,
				5FC6376D2487D94F006B52B6 /* NoUsersTableViewCell.swift in Sources */,
				C12E6DF82467ADB80036C930 /* AppDelegate.swift in Sources */,
				C1B161A124799C6400A93AAC /* CarouselPageViewController.swift in Sources */,
				C199FEC82471DF7000B6F210 /* DeviceDistanceTableViewCell.swift in Sources */,
				C146EA122489EC5200434CE5 /* AppConstants.swift in Sources */,
				C1B161A62479A1FD00A93AAC /* CarouselItem.swift in Sources */,
				C15B66922474A6F600962D98 /* DeviceHistoryTableViewCell.swift in Sources */,
				C12E6DFA2467ADB80036C930 /* SceneDelegate.swift in Sources */,
				C1B7199E24750FF400A6F9E9 /* PocketViewController.swift in Sources */,
				5FC449C124914BE700995F26 /* QRCodeScannerViewController.swift in Sources */,
			);
			runOnlyForDeploymentPostprocessing = 0;
		};
		C12E6E0B2467ADBB0036C930 /* Sources */ = {
			isa = PBXSourcesBuildPhase;
			buildActionMask = 2147483647;
			files = (
				C12E6E142467ADBB0036C930 /* Social_Distance_AlarmTests.swift in Sources */,
			);
			runOnlyForDeploymentPostprocessing = 0;
		};
/* End PBXSourcesBuildPhase section */

/* Begin PBXTargetDependency section */
		C12E6E112467ADBB0036C930 /* PBXTargetDependency */ = {
			isa = PBXTargetDependency;
			target = C12E6DF32467ADB80036C930 /* Social Distance Alarm */;
			targetProxy = C12E6E102467ADBB0036C930 /* PBXContainerItemProxy */;
		};
/* End PBXTargetDependency section */

/* Begin PBXVariantGroup section */
		C12E6DFF2467ADB80036C930 /* Main.storyboard */ = {
			isa = PBXVariantGroup;
			children = (
				C12E6E002467ADB80036C930 /* Base */,
			);
			name = Main.storyboard;
			sourceTree = "<group>";
		};
		C12E6E072467ADBA0036C930 /* LaunchScreen.storyboard */ = {
			isa = PBXVariantGroup;
			children = (
				C12E6E082467ADBA0036C930 /* Base */,
			);
			name = LaunchScreen.storyboard;
			sourceTree = "<group>";
		};
/* End PBXVariantGroup section */

/* Begin XCBuildConfiguration section */
		AEF878D9249A292800733711 /* Debug */ = {
			isa = XCBuildConfiguration;
			baseConfigurationReference = B843268C4890D203C7C0600C /* Pods-UNTIL.debug.xcconfig */;
			buildSettings = {
				ASSETCATALOG_COMPILER_APPICON_NAME = AppIcon;
				CODE_SIGN_STYLE = Automatic;
				CURRENT_PROJECT_VERSION = 5;
				DEBUG_INFORMATION_FORMAT = "dwarf-with-dsym";
				DEVELOPMENT_TEAM = B2W24A22W7;
				INFOPLIST_FILE = "UNTIL-Info.plist";
				IPHONEOS_DEPLOYMENT_TARGET = 13.0;
				LD_RUNPATH_SEARCH_PATHS = (
					"$(inherited)",
					"@executable_path/Frameworks",
				);
				MARKETING_VERSION = 2.0.0;
				PRODUCT_BUNDLE_IDENTIFIER = ai.kun.1point5;
				PRODUCT_NAME = 1point5;
				SWIFT_VERSION = 5.0;
				TARGETED_DEVICE_FAMILY = "1,2";
			};
			name = Debug;
		};
		AEF878DA249A292800733711 /* Release */ = {
			isa = XCBuildConfiguration;
			baseConfigurationReference = FC715B463F75A460CC4EFCC3 /* Pods-UNTIL.release.xcconfig */;
			buildSettings = {
				ASSETCATALOG_COMPILER_APPICON_NAME = AppIcon;
				CODE_SIGN_IDENTITY = "Apple Development";
				CODE_SIGN_STYLE = Automatic;
				CURRENT_PROJECT_VERSION = 5;
				DEVELOPMENT_TEAM = B2W24A22W7;
				INFOPLIST_FILE = "UNTIL-Info.plist";
				IPHONEOS_DEPLOYMENT_TARGET = 13.0;
				LD_RUNPATH_SEARCH_PATHS = (
					"$(inherited)",
					"@executable_path/Frameworks",
				);
				MARKETING_VERSION = 2.0.0;
				PRODUCT_BUNDLE_IDENTIFIER = ai.kun.1point5;
				PRODUCT_NAME = 1point5;
				PROVISIONING_PROFILE_SPECIFIER = "";
				SWIFT_VERSION = 5.0;
				TARGETED_DEVICE_FAMILY = "1,2";
			};
			name = Release;
		};
		C12E6E162467ADBB0036C930 /* Debug */ = {
			isa = XCBuildConfiguration;
			buildSettings = {
				ALWAYS_SEARCH_USER_PATHS = NO;
				CLANG_ANALYZER_NONNULL = YES;
				CLANG_ANALYZER_NUMBER_OBJECT_CONVERSION = YES_AGGRESSIVE;
				CLANG_CXX_LANGUAGE_STANDARD = "gnu++14";
				CLANG_CXX_LIBRARY = "libc++";
				CLANG_ENABLE_MODULES = YES;
				CLANG_ENABLE_OBJC_ARC = YES;
				CLANG_ENABLE_OBJC_WEAK = YES;
				CLANG_WARN_BLOCK_CAPTURE_AUTORELEASING = YES;
				CLANG_WARN_BOOL_CONVERSION = YES;
				CLANG_WARN_COMMA = YES;
				CLANG_WARN_CONSTANT_CONVERSION = YES;
				CLANG_WARN_DEPRECATED_OBJC_IMPLEMENTATIONS = YES;
				CLANG_WARN_DIRECT_OBJC_ISA_USAGE = YES_ERROR;
				CLANG_WARN_DOCUMENTATION_COMMENTS = YES;
				CLANG_WARN_EMPTY_BODY = YES;
				CLANG_WARN_ENUM_CONVERSION = YES;
				CLANG_WARN_INFINITE_RECURSION = YES;
				CLANG_WARN_INT_CONVERSION = YES;
				CLANG_WARN_NON_LITERAL_NULL_CONVERSION = YES;
				CLANG_WARN_OBJC_IMPLICIT_RETAIN_SELF = YES;
				CLANG_WARN_OBJC_LITERAL_CONVERSION = YES;
				CLANG_WARN_OBJC_ROOT_CLASS = YES_ERROR;
				CLANG_WARN_RANGE_LOOP_ANALYSIS = YES;
				CLANG_WARN_STRICT_PROTOTYPES = YES;
				CLANG_WARN_SUSPICIOUS_MOVE = YES;
				CLANG_WARN_UNGUARDED_AVAILABILITY = YES_AGGRESSIVE;
				CLANG_WARN_UNREACHABLE_CODE = YES;
				CLANG_WARN__DUPLICATE_METHOD_MATCH = YES;
				COPY_PHASE_STRIP = NO;
				DEBUG_INFORMATION_FORMAT = "dwarf-with-dsym";
				ENABLE_STRICT_OBJC_MSGSEND = YES;
				ENABLE_TESTABILITY = YES;
				GCC_C_LANGUAGE_STANDARD = gnu11;
				GCC_DYNAMIC_NO_PIC = NO;
				GCC_NO_COMMON_BLOCKS = YES;
				GCC_OPTIMIZATION_LEVEL = 0;
				GCC_PREPROCESSOR_DEFINITIONS = (
					"DEBUG=1",
					"$(inherited)",
				);
				GCC_WARN_64_TO_32_BIT_CONVERSION = YES;
				GCC_WARN_ABOUT_RETURN_TYPE = YES_ERROR;
				GCC_WARN_UNDECLARED_SELECTOR = YES;
				GCC_WARN_UNINITIALIZED_AUTOS = YES_AGGRESSIVE;
				GCC_WARN_UNUSED_FUNCTION = YES;
				GCC_WARN_UNUSED_VARIABLE = YES;
				IPHONEOS_DEPLOYMENT_TARGET = 13.4;
				MTL_ENABLE_DEBUG_INFO = INCLUDE_SOURCE;
				MTL_FAST_MATH = YES;
				ONLY_ACTIVE_ARCH = YES;
				SDKROOT = iphoneos;
				SWIFT_ACTIVE_COMPILATION_CONDITIONS = DEBUG;
				SWIFT_OPTIMIZATION_LEVEL = "-Onone";
			};
			name = Debug;
		};
		C12E6E172467ADBB0036C930 /* Release */ = {
			isa = XCBuildConfiguration;
			buildSettings = {
				ALWAYS_SEARCH_USER_PATHS = NO;
				CLANG_ANALYZER_NONNULL = YES;
				CLANG_ANALYZER_NUMBER_OBJECT_CONVERSION = YES_AGGRESSIVE;
				CLANG_CXX_LANGUAGE_STANDARD = "gnu++14";
				CLANG_CXX_LIBRARY = "libc++";
				CLANG_ENABLE_MODULES = YES;
				CLANG_ENABLE_OBJC_ARC = YES;
				CLANG_ENABLE_OBJC_WEAK = YES;
				CLANG_WARN_BLOCK_CAPTURE_AUTORELEASING = YES;
				CLANG_WARN_BOOL_CONVERSION = YES;
				CLANG_WARN_COMMA = YES;
				CLANG_WARN_CONSTANT_CONVERSION = YES;
				CLANG_WARN_DEPRECATED_OBJC_IMPLEMENTATIONS = YES;
				CLANG_WARN_DIRECT_OBJC_ISA_USAGE = YES_ERROR;
				CLANG_WARN_DOCUMENTATION_COMMENTS = YES;
				CLANG_WARN_EMPTY_BODY = YES;
				CLANG_WARN_ENUM_CONVERSION = YES;
				CLANG_WARN_INFINITE_RECURSION = YES;
				CLANG_WARN_INT_CONVERSION = YES;
				CLANG_WARN_NON_LITERAL_NULL_CONVERSION = YES;
				CLANG_WARN_OBJC_IMPLICIT_RETAIN_SELF = YES;
				CLANG_WARN_OBJC_LITERAL_CONVERSION = YES;
				CLANG_WARN_OBJC_ROOT_CLASS = YES_ERROR;
				CLANG_WARN_RANGE_LOOP_ANALYSIS = YES;
				CLANG_WARN_STRICT_PROTOTYPES = YES;
				CLANG_WARN_SUSPICIOUS_MOVE = YES;
				CLANG_WARN_UNGUARDED_AVAILABILITY = YES_AGGRESSIVE;
				CLANG_WARN_UNREACHABLE_CODE = YES;
				CLANG_WARN__DUPLICATE_METHOD_MATCH = YES;
				COPY_PHASE_STRIP = NO;
				DEBUG_INFORMATION_FORMAT = "dwarf-with-dsym";
				ENABLE_NS_ASSERTIONS = NO;
				ENABLE_STRICT_OBJC_MSGSEND = YES;
				GCC_C_LANGUAGE_STANDARD = gnu11;
				GCC_NO_COMMON_BLOCKS = YES;
				GCC_WARN_64_TO_32_BIT_CONVERSION = YES;
				GCC_WARN_ABOUT_RETURN_TYPE = YES_ERROR;
				GCC_WARN_UNDECLARED_SELECTOR = YES;
				GCC_WARN_UNINITIALIZED_AUTOS = YES_AGGRESSIVE;
				GCC_WARN_UNUSED_FUNCTION = YES;
				GCC_WARN_UNUSED_VARIABLE = YES;
				IPHONEOS_DEPLOYMENT_TARGET = 13.4;
				MTL_ENABLE_DEBUG_INFO = NO;
				MTL_FAST_MATH = YES;
				SDKROOT = iphoneos;
				SWIFT_COMPILATION_MODE = wholemodule;
				SWIFT_OPTIMIZATION_LEVEL = "-O";
				VALIDATE_PRODUCT = YES;
			};
			name = Release;
		};
		C12E6E192467ADBB0036C930 /* Debug */ = {
			isa = XCBuildConfiguration;
			baseConfigurationReference = 8DB74A039CD829C982E17838 /* Pods-Social Distance Alarm.debug.xcconfig */;
			buildSettings = {
				ASSETCATALOG_COMPILER_APPICON_NAME = AppIcon;
				CODE_SIGN_STYLE = Automatic;
				CURRENT_PROJECT_VERSION = 5;
				DEBUG_INFORMATION_FORMAT = "dwarf-with-dsym";
				DEVELOPMENT_TEAM = B2W24A22W7;
				INFOPLIST_FILE = "Social Distance Alarm/Info.plist";
				IPHONEOS_DEPLOYMENT_TARGET = 13.0;
				LD_RUNPATH_SEARCH_PATHS = (
					"$(inherited)",
					"@executable_path/Frameworks",
				);
				MARKETING_VERSION = 2.0.0;
				PRODUCT_BUNDLE_IDENTIFIER = "ai.kun.Social-Distance-Alarm-App";
				PRODUCT_NAME = "$(TARGET_NAME)";
				SWIFT_VERSION = 5.0;
				TARGETED_DEVICE_FAMILY = "1,2";
			};
			name = Debug;
		};
		C12E6E1A2467ADBB0036C930 /* Release */ = {
			isa = XCBuildConfiguration;
			baseConfigurationReference = 35163C6AFD485015F3F5BA0C /* Pods-Social Distance Alarm.release.xcconfig */;
			buildSettings = {
				ASSETCATALOG_COMPILER_APPICON_NAME = AppIcon;
				CODE_SIGN_IDENTITY = "Apple Development";
				CODE_SIGN_STYLE = Automatic;
				CURRENT_PROJECT_VERSION = 5;
				DEVELOPMENT_TEAM = B2W24A22W7;
				INFOPLIST_FILE = "Social Distance Alarm/Info.plist";
				IPHONEOS_DEPLOYMENT_TARGET = 13.0;
				LD_RUNPATH_SEARCH_PATHS = (
					"$(inherited)",
					"@executable_path/Frameworks",
				);
				MARKETING_VERSION = 2.0.0;
				PRODUCT_BUNDLE_IDENTIFIER = "ai.kun.Social-Distance-Alarm-App";
				PRODUCT_NAME = "$(TARGET_NAME)";
				PROVISIONING_PROFILE_SPECIFIER = "";
				SWIFT_VERSION = 5.0;
				TARGETED_DEVICE_FAMILY = "1,2";
			};
			name = Release;
		};
		C12E6E1C2467ADBB0036C930 /* Debug */ = {
			isa = XCBuildConfiguration;
			baseConfigurationReference = 0F8E2900E6619E3CB9948F52 /* Pods-Social Distance AlarmTests.debug.xcconfig */;
			buildSettings = {
				ALWAYS_EMBED_SWIFT_STANDARD_LIBRARIES = YES;
				BUNDLE_LOADER = "$(TEST_HOST)";
				CODE_SIGN_STYLE = Automatic;
				DEVELOPMENT_TEAM = 3AC7V9ZUF4;
				INFOPLIST_FILE = "Social Distance AlarmTests/Info.plist";
				IPHONEOS_DEPLOYMENT_TARGET = 13.4;
				LD_RUNPATH_SEARCH_PATHS = (
					"$(inherited)",
					"@executable_path/Frameworks",
					"@loader_path/Frameworks",
				);
				PRODUCT_BUNDLE_IDENTIFIER = "ai.kun.Social-Distance-AlarmTests";
				PRODUCT_NAME = "$(TARGET_NAME)";
				SWIFT_VERSION = 5.0;
				TARGETED_DEVICE_FAMILY = "1,2";
				TEST_HOST = "$(BUILT_PRODUCTS_DIR)/Social Distance Alarm.app/Social Distance Alarm";
			};
			name = Debug;
		};
		C12E6E1D2467ADBB0036C930 /* Release */ = {
			isa = XCBuildConfiguration;
			baseConfigurationReference = 24D5A170FACF93508117FE0B /* Pods-Social Distance AlarmTests.release.xcconfig */;
			buildSettings = {
				ALWAYS_EMBED_SWIFT_STANDARD_LIBRARIES = YES;
				BUNDLE_LOADER = "$(TEST_HOST)";
				CODE_SIGN_STYLE = Automatic;
				DEVELOPMENT_TEAM = 3AC7V9ZUF4;
				INFOPLIST_FILE = "Social Distance AlarmTests/Info.plist";
				IPHONEOS_DEPLOYMENT_TARGET = 13.4;
				LD_RUNPATH_SEARCH_PATHS = (
					"$(inherited)",
					"@executable_path/Frameworks",
					"@loader_path/Frameworks",
				);
				PRODUCT_BUNDLE_IDENTIFIER = "ai.kun.Social-Distance-AlarmTests";
				PRODUCT_NAME = "$(TARGET_NAME)";
				SWIFT_VERSION = 5.0;
				TARGETED_DEVICE_FAMILY = "1,2";
				TEST_HOST = "$(BUILT_PRODUCTS_DIR)/Social Distance Alarm.app/Social Distance Alarm";
			};
			name = Release;
		};
/* End XCBuildConfiguration section */

/* Begin XCConfigurationList section */
		AEF878D8249A292800733711 /* Build configuration list for PBXNativeTarget "UNTIL" */ = {
			isa = XCConfigurationList;
			buildConfigurations = (
				AEF878D9249A292800733711 /* Debug */,
				AEF878DA249A292800733711 /* Release */,
			);
			defaultConfigurationIsVisible = 0;
			defaultConfigurationName = Release;
		};
		C12E6DEF2467ADB80036C930 /* Build configuration list for PBXProject "Social Distance Alarm" */ = {
			isa = XCConfigurationList;
			buildConfigurations = (
				C12E6E162467ADBB0036C930 /* Debug */,
				C12E6E172467ADBB0036C930 /* Release */,
			);
			defaultConfigurationIsVisible = 0;
			defaultConfigurationName = Release;
		};
		C12E6E182467ADBB0036C930 /* Build configuration list for PBXNativeTarget "Social Distance Alarm" */ = {
			isa = XCConfigurationList;
			buildConfigurations = (
				C12E6E192467ADBB0036C930 /* Debug */,
				C12E6E1A2467ADBB0036C930 /* Release */,
			);
			defaultConfigurationIsVisible = 0;
			defaultConfigurationName = Release;
		};
		C12E6E1B2467ADBB0036C930 /* Build configuration list for PBXNativeTarget "Social Distance AlarmTests" */ = {
			isa = XCConfigurationList;
			buildConfigurations = (
				C12E6E1C2467ADBB0036C930 /* Debug */,
				C12E6E1D2467ADBB0036C930 /* Release */,
			);
			defaultConfigurationIsVisible = 0;
			defaultConfigurationName = Release;
		};
/* End XCConfigurationList section */
	};
	rootObject = C12E6DEC2467ADB80036C930 /* Project object */;
}
