// !$*UTF8*$!
{
	archiveVersion = 1;
	classes = {
	};
	objectVersion = 50;
	objects = {

/* Begin PBXBuildFile section */
		C12E6DF82467ADB80036C930 /* AppDelegate.swift in Sources */ = {isa = PBXBuildFile; fileRef = C12E6DF72467ADB80036C930 /* AppDelegate.swift */; };
		C12E6DFA2467ADB80036C930 /* SceneDelegate.swift in Sources */ = {isa = PBXBuildFile; fileRef = C12E6DF92467ADB80036C930 /* SceneDelegate.swift */; };
		C12E6DFC2467ADB80036C930 /* DistanceViewController.swift in Sources */ = {isa = PBXBuildFile; fileRef = C12E6DFB2467ADB80036C930 /* DistanceViewController.swift */; };
		C12E6DFE2467ADB80036C930 /* HistoryViewController.swift in Sources */ = {isa = PBXBuildFile; fileRef = C12E6DFD2467ADB80036C930 /* HistoryViewController.swift */; };
		C12E6E012467ADB80036C930 /* Main.storyboard in Resources */ = {isa = PBXBuildFile; fileRef = C12E6DFF2467ADB80036C930 /* Main.storyboard */; };
		C12E6E042467ADB80036C930 /* Social_Distance_Alarm.xcdatamodeld in Sources */ = {isa = PBXBuildFile; fileRef = C12E6E022467ADB80036C930 /* Social_Distance_Alarm.xcdatamodeld */; };
		C12E6E062467ADBA0036C930 /* Assets.xcassets in Resources */ = {isa = PBXBuildFile; fileRef = C12E6E052467ADBA0036C930 /* Assets.xcassets */; };
		C12E6E092467ADBA0036C930 /* LaunchScreen.storyboard in Resources */ = {isa = PBXBuildFile; fileRef = C12E6E072467ADBA0036C930 /* LaunchScreen.storyboard */; };
		C12E6E142467ADBB0036C930 /* Social_Distance_AlarmTests.swift in Sources */ = {isa = PBXBuildFile; fileRef = C12E6E132467ADBB0036C930 /* Social_Distance_AlarmTests.swift */; };
		C1965910247379CD009E8F96 /* Constants.swift in Sources */ = {isa = PBXBuildFile; fileRef = C196590F247379CD009E8F96 /* Constants.swift */; };
		C196591324737F6C009E8F96 /* Util.swift in Sources */ = {isa = PBXBuildFile; fileRef = C196591224737F6C009E8F96 /* Util.swift */; };
		C199FEB72470C0A900B6F210 /* BluetoothManager.swift in Sources */ = {isa = PBXBuildFile; fileRef = C199FEB62470BF5100B6F210 /* BluetoothManager.swift */; };
		C199FEBC2470CF8E00B6F210 /* DeviceRepository.swift in Sources */ = {isa = PBXBuildFile; fileRef = C199FEBB2470CF8E00B6F210 /* DeviceRepository.swift */; };
		C199FEC02471211C00B6F210 /* Colors.xcassets in Resources */ = {isa = PBXBuildFile; fileRef = C199FEBF2471211C00B6F210 /* Colors.xcassets */; };
		C199FEC82471DF7000B6F210 /* DeviceDistanceTableViewCell.swift in Sources */ = {isa = PBXBuildFile; fileRef = C199FEC72471DF7000B6F210 /* DeviceDistanceTableViewCell.swift */; };
/* End PBXBuildFile section */

/* Begin PBXContainerItemProxy section */
		C12E6E102467ADBB0036C930 /* PBXContainerItemProxy */ = {
			isa = PBXContainerItemProxy;
			containerPortal = C12E6DEC2467ADB80036C930 /* Project object */;
			proxyType = 1;
			remoteGlobalIDString = C12E6DF32467ADB80036C930;
			remoteInfo = "Social Distance Alarm";
		};
/* End PBXContainerItemProxy section */

/* Begin PBXFileReference section */
		C12E6DF42467ADB80036C930 /* Social Distance Alarm.app */ = {isa = PBXFileReference; explicitFileType = wrapper.application; includeInIndex = 0; path = "Social Distance Alarm.app"; sourceTree = BUILT_PRODUCTS_DIR; };
		C12E6DF72467ADB80036C930 /* AppDelegate.swift */ = {isa = PBXFileReference; lastKnownFileType = sourcecode.swift; path = AppDelegate.swift; sourceTree = "<group>"; };
		C12E6DF92467ADB80036C930 /* SceneDelegate.swift */ = {isa = PBXFileReference; lastKnownFileType = sourcecode.swift; path = SceneDelegate.swift; sourceTree = "<group>"; };
		C12E6DFB2467ADB80036C930 /* DistanceViewController.swift */ = {isa = PBXFileReference; lastKnownFileType = sourcecode.swift; path = DistanceViewController.swift; sourceTree = "<group>"; };
		C12E6DFD2467ADB80036C930 /* HistoryViewController.swift */ = {isa = PBXFileReference; lastKnownFileType = sourcecode.swift; path = HistoryViewController.swift; sourceTree = "<group>"; };
		C12E6E002467ADB80036C930 /* Base */ = {isa = PBXFileReference; lastKnownFileType = file.storyboard; name = Base; path = Base.lproj/Main.storyboard; sourceTree = "<group>"; };
		C12E6E032467ADB80036C930 /* Social_Distance_Alarm.xcdatamodel */ = {isa = PBXFileReference; lastKnownFileType = wrapper.xcdatamodel; path = Social_Distance_Alarm.xcdatamodel; sourceTree = "<group>"; };
		C12E6E052467ADBA0036C930 /* Assets.xcassets */ = {isa = PBXFileReference; lastKnownFileType = folder.assetcatalog; path = Assets.xcassets; sourceTree = "<group>"; };
		C12E6E082467ADBA0036C930 /* Base */ = {isa = PBXFileReference; lastKnownFileType = file.storyboard; name = Base; path = Base.lproj/LaunchScreen.storyboard; sourceTree = "<group>"; };
		C12E6E0A2467ADBA0036C930 /* Info.plist */ = {isa = PBXFileReference; lastKnownFileType = text.plist.xml; path = Info.plist; sourceTree = "<group>"; };
		C12E6E0F2467ADBB0036C930 /* Social Distance AlarmTests.xctest */ = {isa = PBXFileReference; explicitFileType = wrapper.cfbundle; includeInIndex = 0; path = "Social Distance AlarmTests.xctest"; sourceTree = BUILT_PRODUCTS_DIR; };
		C12E6E132467ADBB0036C930 /* Social_Distance_AlarmTests.swift */ = {isa = PBXFileReference; lastKnownFileType = sourcecode.swift; path = Social_Distance_AlarmTests.swift; sourceTree = "<group>"; };
		C12E6E152467ADBB0036C930 /* Info.plist */ = {isa = PBXFileReference; lastKnownFileType = text.plist.xml; path = Info.plist; sourceTree = "<group>"; };
		C196590F247379CD009E8F96 /* Constants.swift */ = {isa = PBXFileReference; lastKnownFileType = sourcecode.swift; path = Constants.swift; sourceTree = "<group>"; };
		C196591224737F6C009E8F96 /* Util.swift */ = {isa = PBXFileReference; lastKnownFileType = sourcecode.swift; path = Util.swift; sourceTree = "<group>"; };
		C199FEB62470BF5100B6F210 /* BluetoothManager.swift */ = {isa = PBXFileReference; lastKnownFileType = sourcecode.swift; path = BluetoothManager.swift; sourceTree = "<group>"; };
		C199FEBB2470CF8E00B6F210 /* DeviceRepository.swift */ = {isa = PBXFileReference; lastKnownFileType = sourcecode.swift; path = DeviceRepository.swift; sourceTree = "<group>"; };
		C199FEBF2471211C00B6F210 /* Colors.xcassets */ = {isa = PBXFileReference; lastKnownFileType = folder.assetcatalog; path = Colors.xcassets; sourceTree = "<group>"; };
		C199FEC72471DF7000B6F210 /* DeviceDistanceTableViewCell.swift */ = {isa = PBXFileReference; lastKnownFileType = sourcecode.swift; path = DeviceDistanceTableViewCell.swift; sourceTree = "<group>"; };
/* End PBXFileReference section */

/* Begin PBXFrameworksBuildPhase section */
		C12E6DF12467ADB80036C930 /* Frameworks */ = {
			isa = PBXFrameworksBuildPhase;
			buildActionMask = 2147483647;
			files = (
			);
			runOnlyForDeploymentPostprocessing = 0;
		};
		C12E6E0C2467ADBB0036C930 /* Frameworks */ = {
			isa = PBXFrameworksBuildPhase;
			buildActionMask = 2147483647;
			files = (
			);
			runOnlyForDeploymentPostprocessing = 0;
		};
/* End PBXFrameworksBuildPhase section */

/* Begin PBXGroup section */
		C12E6DEB2467ADB80036C930 = {
			isa = PBXGroup;
			children = (
				C12E6DF62467ADB80036C930 /* Social Distance Alarm */,
				C12E6E122467ADBB0036C930 /* Social Distance AlarmTests */,
				C12E6DF52467ADB80036C930 /* Products */,
			);
			sourceTree = "<group>";
		};
		C12E6DF52467ADB80036C930 /* Products */ = {
			isa = PBXGroup;
			children = (
				C12E6DF42467ADB80036C930 /* Social Distance Alarm.app */,
				C12E6E0F2467ADBB0036C930 /* Social Distance AlarmTests.xctest */,
			);
			name = Products;
			sourceTree = "<group>";
		};
		C12E6DF62467ADB80036C930 /* Social Distance Alarm */ = {
			isa = PBXGroup;
			children = (
				C199FEB92470CA5A00B6F210 /* Alarm */,
				C12E6DF72467ADB80036C930 /* AppDelegate.swift */,
				C12E6DF92467ADB80036C930 /* SceneDelegate.swift */,
				C199FEC12471D7FD00B6F210 /* Distance */,
				C199FEC22471D80A00B6F210 /* History */,
				C12E6DFF2467ADB80036C930 /* Main.storyboard */,
				C12E6E052467ADBA0036C930 /* Assets.xcassets */,
				C12E6E072467ADBA0036C930 /* LaunchScreen.storyboard */,
				C12E6E0A2467ADBA0036C930 /* Info.plist */,
				C199FEBA2470CF0B00B6F210 /* Data Model */,
				C199FEBF2471211C00B6F210 /* Colors.xcassets */,
				C196591124737F44009E8F96 /* Util */,
			);
			path = "Social Distance Alarm";
			sourceTree = "<group>";
		};
		C12E6E122467ADBB0036C930 /* Social Distance AlarmTests */ = {
			isa = PBXGroup;
			children = (
				C12E6E132467ADBB0036C930 /* Social_Distance_AlarmTests.swift */,
				C12E6E152467ADBB0036C930 /* Info.plist */,
			);
			path = "Social Distance AlarmTests";
			sourceTree = "<group>";
		};
		C196591124737F44009E8F96 /* Util */ = {
			isa = PBXGroup;
			children = (
				C196590F247379CD009E8F96 /* Constants.swift */,
				C196591224737F6C009E8F96 /* Util.swift */,
			);
			path = Util;
			sourceTree = "<group>";
		};
		C199FEB92470CA5A00B6F210 /* Alarm */ = {
			isa = PBXGroup;
			children = (
				C199FEB62470BF5100B6F210 /* BluetoothManager.swift */,
			);
			path = Alarm;
			sourceTree = "<group>";
		};
		C199FEBA2470CF0B00B6F210 /* Data Model */ = {
			isa = PBXGroup;
			children = (
				C12E6E022467ADB80036C930 /* Social_Distance_Alarm.xcdatamodeld */,
				C199FEBB2470CF8E00B6F210 /* DeviceRepository.swift */,
			);
			path = "Data Model";
			sourceTree = "<group>";
		};
		C199FEC12471D7FD00B6F210 /* Distance */ = {
			isa = PBXGroup;
			children = (
				C12E6DFB2467ADB80036C930 /* DistanceViewController.swift */,
				C199FEC72471DF7000B6F210 /* DeviceDistanceTableViewCell.swift */,
			);
			path = Distance;
			sourceTree = "<group>";
		};
		C199FEC22471D80A00B6F210 /* History */ = {
			isa = PBXGroup;
			children = (
				C12E6DFD2467ADB80036C930 /* HistoryViewController.swift */,
			);
			path = History;
			sourceTree = "<group>";
		};
/* End PBXGroup section */

/* Begin PBXNativeTarget section */
		C12E6DF32467ADB80036C930 /* Social Distance Alarm */ = {
			isa = PBXNativeTarget;
			buildConfigurationList = C12E6E182467ADBB0036C930 /* Build configuration list for PBXNativeTarget "Social Distance Alarm" */;
			buildPhases = (
				C12E6DF02467ADB80036C930 /* Sources */,
				C12E6DF12467ADB80036C930 /* Frameworks */,
				C12E6DF22467ADB80036C930 /* Resources */,
			);
			buildRules = (
			);
			dependencies = (
			);
			name = "Social Distance Alarm";
			productName = "Social Distance Alarm";
			productReference = C12E6DF42467ADB80036C930 /* Social Distance Alarm.app */;
			productType = "com.apple.product-type.application";
		};
		C12E6E0E2467ADBB0036C930 /* Social Distance AlarmTests */ = {
			isa = PBXNativeTarget;
			buildConfigurationList = C12E6E1B2467ADBB0036C930 /* Build configuration list for PBXNativeTarget "Social Distance AlarmTests" */;
			buildPhases = (
				C12E6E0B2467ADBB0036C930 /* Sources */,
				C12E6E0C2467ADBB0036C930 /* Frameworks */,
				C12E6E0D2467ADBB0036C930 /* Resources */,
			);
			buildRules = (
			);
			dependencies = (
				C12E6E112467ADBB0036C930 /* PBXTargetDependency */,
			);
			name = "Social Distance AlarmTests";
			productName = "Social Distance AlarmTests";
			productReference = C12E6E0F2467ADBB0036C930 /* Social Distance AlarmTests.xctest */;
			productType = "com.apple.product-type.bundle.unit-test";
		};
/* End PBXNativeTarget section */

/* Begin PBXProject section */
		C12E6DEC2467ADB80036C930 /* Project object */ = {
			isa = PBXProject;
			attributes = {
				LastSwiftUpdateCheck = 1140;
				LastUpgradeCheck = 1140;
				ORGANIZATIONNAME = Kunai;
				TargetAttributes = {
					C12E6DF32467ADB80036C930 = {
						CreatedOnToolsVersion = 11.4.1;
					};
					C12E6E0E2467ADBB0036C930 = {
						CreatedOnToolsVersion = 11.4.1;
						TestTargetID = C12E6DF32467ADB80036C930;
					};
				};
			};
			buildConfigurationList = C12E6DEF2467ADB80036C930 /* Build configuration list for PBXProject "Social Distance Alarm" */;
			compatibilityVersion = "Xcode 9.3";
			developmentRegion = en;
			hasScannedForEncodings = 0;
			knownRegions = (
				en,
				Base,
			);
			mainGroup = C12E6DEB2467ADB80036C930;
			productRefGroup = C12E6DF52467ADB80036C930 /* Products */;
			projectDirPath = "";
			projectRoot = "";
			targets = (
				C12E6DF32467ADB80036C930 /* Social Distance Alarm */,
				C12E6E0E2467ADBB0036C930 /* Social Distance AlarmTests */,
			);
		};
/* End PBXProject section */

/* Begin PBXResourcesBuildPhase section */
		C12E6DF22467ADB80036C930 /* Resources */ = {
			isa = PBXResourcesBuildPhase;
			buildActionMask = 2147483647;
			files = (
				C12E6E092467ADBA0036C930 /* LaunchScreen.storyboard in Resources */,
				C199FEC02471211C00B6F210 /* Colors.xcassets in Resources */,
				C12E6E062467ADBA0036C930 /* Assets.xcassets in Resources */,
				C12E6E012467ADB80036C930 /* Main.storyboard in Resources */,
			);
			runOnlyForDeploymentPostprocessing = 0;
		};
		C12E6E0D2467ADBB0036C930 /* Resources */ = {
			isa = PBXResourcesBuildPhase;
			buildActionMask = 2147483647;
			files = (
			);
			runOnlyForDeploymentPostprocessing = 0;
		};
/* End PBXResourcesBuildPhase section */

/* Begin PBXSourcesBuildPhase section */
		C12E6DF02467ADB80036C930 /* Sources */ = {
			isa = PBXSourcesBuildPhase;
			buildActionMask = 2147483647;
			files = (
				C12E6DFE2467ADB80036C930 /* HistoryViewController.swift in Sources */,
				C199FEBC2470CF8E00B6F210 /* DeviceRepository.swift in Sources */,
				C12E6DFC2467ADB80036C930 /* DistanceViewController.swift in Sources */,
				C12E6E042467ADB80036C930 /* Social_Distance_Alarm.xcdatamodeld in Sources */,
				C12E6DF82467ADB80036C930 /* AppDelegate.swift in Sources */,
				C199FEB72470C0A900B6F210 /* BluetoothManager.swift in Sources */,
				C199FEC82471DF7000B6F210 /* DeviceDistanceTableViewCell.swift in Sources */,
				C196591324737F6C009E8F96 /* Util.swift in Sources */,
				C12E6DFA2467ADB80036C930 /* SceneDelegate.swift in Sources */,
				C1965910247379CD009E8F96 /* Constants.swift in Sources */,
			);
			runOnlyForDeploymentPostprocessing = 0;
		};
		C12E6E0B2467ADBB0036C930 /* Sources */ = {
			isa = PBXSourcesBuildPhase;
			buildActionMask = 2147483647;
			files = (
				C12E6E142467ADBB0036C930 /* Social_Distance_AlarmTests.swift in Sources */,
			);
			runOnlyForDeploymentPostprocessing = 0;
		};
/* End PBXSourcesBuildPhase section */

/* Begin PBXTargetDependency section */
		C12E6E112467ADBB0036C930 /* PBXTargetDependency */ = {
			isa = PBXTargetDependency;
			target = C12E6DF32467ADB80036C930 /* Social Distance Alarm */;
			targetProxy = C12E6E102467ADBB0036C930 /* PBXContainerItemProxy */;
		};
/* End PBXTargetDependency section */

/* Begin PBXVariantGroup section */
		C12E6DFF2467ADB80036C930 /* Main.storyboard */ = {
			isa = PBXVariantGroup;
			children = (
				C12E6E002467ADB80036C930 /* Base */,
			);
			name = Main.storyboard;
			sourceTree = "<group>";
		};
		C12E6E072467ADBA0036C930 /* LaunchScreen.storyboard */ = {
			isa = PBXVariantGroup;
			children = (
				C12E6E082467ADBA0036C930 /* Base */,
			);
			name = LaunchScreen.storyboard;
			sourceTree = "<group>";
		};
/* End PBXVariantGroup section */

/* Begin XCBuildConfiguration section */
		C12E6E162467ADBB0036C930 /* Debug */ = {
			isa = XCBuildConfiguration;
			buildSettings = {
				ALWAYS_SEARCH_USER_PATHS = NO;
				CLANG_ANALYZER_NONNULL = YES;
				CLANG_ANALYZER_NUMBER_OBJECT_CONVERSION = YES_AGGRESSIVE;
				CLANG_CXX_LANGUAGE_STANDARD = "gnu++14";
				CLANG_CXX_LIBRARY = "libc++";
				CLANG_ENABLE_MODULES = YES;
				CLANG_ENABLE_OBJC_ARC = YES;
				CLANG_ENABLE_OBJC_WEAK = YES;
				CLANG_WARN_BLOCK_CAPTURE_AUTORELEASING = YES;
				CLANG_WARN_BOOL_CONVERSION = YES;
				CLANG_WARN_COMMA = YES;
				CLANG_WARN_CONSTANT_CONVERSION = YES;
				CLANG_WARN_DEPRECATED_OBJC_IMPLEMENTATIONS = YES;
				CLANG_WARN_DIRECT_OBJC_ISA_USAGE = YES_ERROR;
				CLANG_WARN_DOCUMENTATION_COMMENTS = YES;
				CLANG_WARN_EMPTY_BODY = YES;
				CLANG_WARN_ENUM_CONVERSION = YES;
				CLANG_WARN_INFINITE_RECURSION = YES;
				CLANG_WARN_INT_CONVERSION = YES;
				CLANG_WARN_NON_LITERAL_NULL_CONVERSION = YES;
				CLANG_WARN_OBJC_IMPLICIT_RETAIN_SELF = YES;
				CLANG_WARN_OBJC_LITERAL_CONVERSION = YES;
				CLANG_WARN_OBJC_ROOT_CLASS = YES_ERROR;
				CLANG_WARN_RANGE_LOOP_ANALYSIS = YES;
				CLANG_WARN_STRICT_PROTOTYPES = YES;
				CLANG_WARN_SUSPICIOUS_MOVE = YES;
				CLANG_WARN_UNGUARDED_AVAILABILITY = YES_AGGRESSIVE;
				CLANG_WARN_UNREACHABLE_CODE = YES;
				CLANG_WARN__DUPLICATE_METHOD_MATCH = YES;
				COPY_PHASE_STRIP = NO;
				DEBUG_INFORMATION_FORMAT = dwarf;
				ENABLE_STRICT_OBJC_MSGSEND = YES;
				ENABLE_TESTABILITY = YES;
				GCC_C_LANGUAGE_STANDARD = gnu11;
				GCC_DYNAMIC_NO_PIC = NO;
				GCC_NO_COMMON_BLOCKS = YES;
				GCC_OPTIMIZATION_LEVEL = 0;
				GCC_PREPROCESSOR_DEFINITIONS = (
					"DEBUG=1",
					"$(inherited)",
				);
				GCC_WARN_64_TO_32_BIT_CONVERSION = YES;
				GCC_WARN_ABOUT_RETURN_TYPE = YES_ERROR;
				GCC_WARN_UNDECLARED_SELECTOR = YES;
				GCC_WARN_UNINITIALIZED_AUTOS = YES_AGGRESSIVE;
				GCC_WARN_UNUSED_FUNCTION = YES;
				GCC_WARN_UNUSED_VARIABLE = YES;
				IPHONEOS_DEPLOYMENT_TARGET = 13.4;
				MTL_ENABLE_DEBUG_INFO = INCLUDE_SOURCE;
				MTL_FAST_MATH = YES;
				ONLY_ACTIVE_ARCH = YES;
				SDKROOT = iphoneos;
				SWIFT_ACTIVE_COMPILATION_CONDITIONS = DEBUG;
				SWIFT_OPTIMIZATION_LEVEL = "-Onone";
			};
			name = Debug;
		};
		C12E6E172467ADBB0036C930 /* Release */ = {
			isa = XCBuildConfiguration;
			buildSettings = {
				ALWAYS_SEARCH_USER_PATHS = NO;
				CLANG_ANALYZER_NONNULL = YES;
				CLANG_ANALYZER_NUMBER_OBJECT_CONVERSION = YES_AGGRESSIVE;
				CLANG_CXX_LANGUAGE_STANDARD = "gnu++14";
				CLANG_CXX_LIBRARY = "libc++";
				CLANG_ENABLE_MODULES = YES;
				CLANG_ENABLE_OBJC_ARC = YES;
				CLANG_ENABLE_OBJC_WEAK = YES;
				CLANG_WARN_BLOCK_CAPTURE_AUTORELEASING = YES;
				CLANG_WARN_BOOL_CONVERSION = YES;
				CLANG_WARN_COMMA = YES;
				CLANG_WARN_CONSTANT_CONVERSION = YES;
				CLANG_WARN_DEPRECATED_OBJC_IMPLEMENTATIONS = YES;
				CLANG_WARN_DIRECT_OBJC_ISA_USAGE = YES_ERROR;
				CLANG_WARN_DOCUMENTATION_COMMENTS = YES;
				CLANG_WARN_EMPTY_BODY = YES;
				CLANG_WARN_ENUM_CONVERSION = YES;
				CLANG_WARN_INFINITE_RECURSION = YES;
				CLANG_WARN_INT_CONVERSION = YES;
				CLANG_WARN_NON_LITERAL_NULL_CONVERSION = YES;
				CLANG_WARN_OBJC_IMPLICIT_RETAIN_SELF = YES;
				CLANG_WARN_OBJC_LITERAL_CONVERSION = YES;
				CLANG_WARN_OBJC_ROOT_CLASS = YES_ERROR;
				CLANG_WARN_RANGE_LOOP_ANALYSIS = YES;
				CLANG_WARN_STRICT_PROTOTYPES = YES;
				CLANG_WARN_SUSPICIOUS_MOVE = YES;
				CLANG_WARN_UNGUARDED_AVAILABILITY = YES_AGGRESSIVE;
				CLANG_WARN_UNREACHABLE_CODE = YES;
				CLANG_WARN__DUPLICATE_METHOD_MATCH = YES;
				COPY_PHASE_STRIP = NO;
				DEBUG_INFORMATION_FORMAT = "dwarf-with-dsym";
				ENABLE_NS_ASSERTIONS = NO;
				ENABLE_STRICT_OBJC_MSGSEND = YES;
				GCC_C_LANGUAGE_STANDARD = gnu11;
				GCC_NO_COMMON_BLOCKS = YES;
				GCC_WARN_64_TO_32_BIT_CONVERSION = YES;
				GCC_WARN_ABOUT_RETURN_TYPE = YES_ERROR;
				GCC_WARN_UNDECLARED_SELECTOR = YES;
				GCC_WARN_UNINITIALIZED_AUTOS = YES_AGGRESSIVE;
				GCC_WARN_UNUSED_FUNCTION = YES;
				GCC_WARN_UNUSED_VARIABLE = YES;
				IPHONEOS_DEPLOYMENT_TARGET = 13.4;
				MTL_ENABLE_DEBUG_INFO = NO;
				MTL_FAST_MATH = YES;
				SDKROOT = iphoneos;
				SWIFT_COMPILATION_MODE = wholemodule;
				SWIFT_OPTIMIZATION_LEVEL = "-O";
				VALIDATE_PRODUCT = YES;
			};
			name = Release;
		};
		C12E6E192467ADBB0036C930 /* Debug */ = {
			isa = XCBuildConfiguration;
			buildSettings = {
				ASSETCATALOG_COMPILER_APPICON_NAME = AppIcon;
				CODE_SIGN_STYLE = Automatic;
				DEVELOPMENT_TEAM = 3AC7V9ZUF4;
				INFOPLIST_FILE = "Social Distance Alarm/Info.plist";
				LD_RUNPATH_SEARCH_PATHS = (
					"$(inherited)",
					"@executable_path/Frameworks",
				);
				PRODUCT_BUNDLE_IDENTIFIER = "ai.kun.Social-Distance-Alarm";
				PRODUCT_NAME = "$(TARGET_NAME)";
				SWIFT_VERSION = 5.0;
				TARGETED_DEVICE_FAMILY = "1,2";
			};
			name = Debug;
		};
		C12E6E1A2467ADBB0036C930 /* Release */ = {
			isa = XCBuildConfiguration;
			buildSettings = {
				ASSETCATALOG_COMPILER_APPICON_NAME = AppIcon;
				CODE_SIGN_STYLE = Automatic;
				DEVELOPMENT_TEAM = 3AC7V9ZUF4;
				INFOPLIST_FILE = "Social Distance Alarm/Info.plist";
				LD_RUNPATH_SEARCH_PATHS = (
					"$(inherited)",
					"@executable_path/Frameworks",
				);
				PRODUCT_BUNDLE_IDENTIFIER = "ai.kun.Social-Distance-Alarm";
				PRODUCT_NAME = "$(TARGET_NAME)";
				SWIFT_VERSION = 5.0;
				TARGETED_DEVICE_FAMILY = "1,2";
			};
			name = Release;
		};
		C12E6E1C2467ADBB0036C930 /* Debug */ = {
			isa = XCBuildConfiguration;
			buildSettings = {
				ALWAYS_EMBED_SWIFT_STANDARD_LIBRARIES = YES;
				BUNDLE_LOADER = "$(TEST_HOST)";
				CODE_SIGN_STYLE = Automatic;
				DEVELOPMENT_TEAM = 3AC7V9ZUF4;
				INFOPLIST_FILE = "Social Distance AlarmTests/Info.plist";
				IPHONEOS_DEPLOYMENT_TARGET = 13.4;
				LD_RUNPATH_SEARCH_PATHS = (
					"$(inherited)",
					"@executable_path/Frameworks",
					"@loader_path/Frameworks",
				);
				PRODUCT_BUNDLE_IDENTIFIER = "ai.kun.Social-Distance-AlarmTests";
				PRODUCT_NAME = "$(TARGET_NAME)";
				SWIFT_VERSION = 5.0;
				TARGETED_DEVICE_FAMILY = "1,2";
				TEST_HOST = "$(BUILT_PRODUCTS_DIR)/Social Distance Alarm.app/Social Distance Alarm";
			};
			name = Debug;
		};
		C12E6E1D2467ADBB0036C930 /* Release */ = {
			isa = XCBuildConfiguration;
			buildSettings = {
				ALWAYS_EMBED_SWIFT_STANDARD_LIBRARIES = YES;
				BUNDLE_LOADER = "$(TEST_HOST)";
				CODE_SIGN_STYLE = Automatic;
				DEVELOPMENT_TEAM = 3AC7V9ZUF4;
				INFOPLIST_FILE = "Social Distance AlarmTests/Info.plist";
				IPHONEOS_DEPLOYMENT_TARGET = 13.4;
				LD_RUNPATH_SEARCH_PATHS = (
					"$(inherited)",
					"@executable_path/Frameworks",
					"@loader_path/Frameworks",
				);
				PRODUCT_BUNDLE_IDENTIFIER = "ai.kun.Social-Distance-AlarmTests";
				PRODUCT_NAME = "$(TARGET_NAME)";
				SWIFT_VERSION = 5.0;
				TARGETED_DEVICE_FAMILY = "1,2";
				TEST_HOST = "$(BUILT_PRODUCTS_DIR)/Social Distance Alarm.app/Social Distance Alarm";
			};
			name = Release;
		};
/* End XCBuildConfiguration section */

/* Begin XCConfigurationList section */
		C12E6DEF2467ADB80036C930 /* Build configuration list for PBXProject "Social Distance Alarm" */ = {
			isa = XCConfigurationList;
			buildConfigurations = (
				C12E6E162467ADBB0036C930 /* Debug */,
				C12E6E172467ADBB0036C930 /* Release */,
			);
			defaultConfigurationIsVisible = 0;
			defaultConfigurationName = Release;
		};
		C12E6E182467ADBB0036C930 /* Build configuration list for PBXNativeTarget "Social Distance Alarm" */ = {
			isa = XCConfigurationList;
			buildConfigurations = (
				C12E6E192467ADBB0036C930 /* Debug */,
				C12E6E1A2467ADBB0036C930 /* Release */,
			);
			defaultConfigurationIsVisible = 0;
			defaultConfigurationName = Release;
		};
		C12E6E1B2467ADBB0036C930 /* Build configuration list for PBXNativeTarget "Social Distance AlarmTests" */ = {
			isa = XCConfigurationList;
			buildConfigurations = (
				C12E6E1C2467ADBB0036C930 /* Debug */,
				C12E6E1D2467ADBB0036C930 /* Release */,
			);
			defaultConfigurationIsVisible = 0;
			defaultConfigurationName = Release;
		};
/* End XCConfigurationList section */

/* Begin XCVersionGroup section */
		C12E6E022467ADB80036C930 /* Social_Distance_Alarm.xcdatamodeld */ = {
			isa = XCVersionGroup;
			children = (
				C12E6E032467ADB80036C930 /* Social_Distance_Alarm.xcdatamodel */,
			);
			currentVersion = C12E6E032467ADB80036C930 /* Social_Distance_Alarm.xcdatamodel */;
			path = Social_Distance_Alarm.xcdatamodeld;
			sourceTree = "<group>";
			versionGroupType = wrapper.xcdatamodel;
		};
/* End XCVersionGroup section */
	};
	rootObject = C12E6DEC2467ADB80036C930 /* Project object */;
}
